
Microsoft Visual Studio Solution File, Format Version 12.00
# Visual Studio Version 16
VisualStudioVersion = 16.0.34031.81
MinimumVisualStudioVersion = 10.0.40219.1
Project("{FAE04EC0-301F-11D3-BF4B-00C04F79EFBC}") = "Chuong03_DaHinh", "Chuong03_DaHinh\Chuong03_DaHinh.csproj", "{B718697D-F3A3-44F2-B577-B1C4206D2375}"
EndProject
Global
	GlobalSection(SolutionConfigurationPlatforms) = preSolution
		Debug|Any CPU = Debug|Any CPU
		Release|Any CPU = Release|Any CPU
	EndGlobalSection
	GlobalSection(ProjectConfigurationPlatforms) = postSolution
		{B718697D-F3A3-44F2-B577-B1C4206D2375}.Debug|Any CPU.ActiveCfg = Debug|Any CPU
		{B718697D-F3A3-44F2-B577-B1C4206D2375}.Debug|Any CPU.Build.0 = Debug|Any CPU
		{B718697D-F3A3-44F2-B577-B1C4206D2375}.Release|Any CPU.ActiveCfg = Release|Any CPU
		{B718697D-F3A3-44F2-B577-B1C4206D2375}.Release|Any CPU.Build.0 = Release|Any CPU
	EndGlobalSection
	GlobalSection(SolutionProperties) = preSolution
		HideSolutionNode = FALSE
	EndGlobalSection
	GlobalSection(ExtensibilityGlobals) = postSolution
		SolutionGuid = {97667826-6603-4222-AA66-BADE91F0635F}
	EndGlobalSection
EndGlobal
